
Microsoft Visual Studio Solution File, Format Version 12.00
# Visual Studio Version 17
VisualStudioVersion = 17.2.32526.322
MinimumVisualStudioVersion = 10.0.40219.1
Project("{2150E333-8FDC-42A3-9474-1A3956D46DE8}") = "BookingService", "BookingService", "{F5AD754A-4788-4BAC-BBB6-97EBD0E11AC0}"
EndProject
Project("{2150E333-8FDC-42A3-9474-1A3956D46DE8}") = "PaymentService", "PaymentService", "{CB6CF908-9FFA-45BC-B253-D8F526957AFD}"
EndProject
Project("{2150E333-8FDC-42A3-9474-1A3956D46DE8}") = "Core", "Core", "{695C7120-8D5F-4ADB-AC3B-E14580F0D69D}"
EndProject
Project("{2150E333-8FDC-42A3-9474-1A3956D46DE8}") = "Domain", "Domain", "{F552D346-A846-4C21-8F83-B00846B634DD}"
EndProject
Project("{2150E333-8FDC-42A3-9474-1A3956D46DE8}") = "Application", "Application", "{C1F47690-092E-4B8C-B1A7-09845A0BD3D3}"
EndProject
Project("{2150E333-8FDC-42A3-9474-1A3956D46DE8}") = "Adapters", "Adapters", "{DD8732AC-997A-43E6-BA53-F1AD0E10CC36}"
EndProject
Project("{2150E333-8FDC-42A3-9474-1A3956D46DE8}") = "Consumers", "Consumers", "{0447D31E-243F-499E-98A4-97582A0D7E4F}"
EndProject
Project("{2150E333-8FDC-42A3-9474-1A3956D46DE8}") = "Tests", "Tests", "{6AD1B5CA-96CD-44A5-9FE3-46545FF96DE8}"
EndProject
Project("{2150E333-8FDC-42A3-9474-1A3956D46DE8}") = "Application", "Application", "{C423777D-D506-463B-B6B6-A50377EFE637}"
EndProject
Project("{2150E333-8FDC-42A3-9474-1A3956D46DE8}") = "Domain", "Domain", "{25A4ABEB-5912-4E94-8AB7-8B39AABE23A1}"
EndProject
Project("{2150E333-8FDC-42A3-9474-1A3956D46DE8}") = "Adapters", "Adapters", "{C50690AB-DAA9-4242-9029-16BD67A670CC}"
EndProject
Project("{9A19103F-16F7-4668-BE54-9A1E7A4F7556}") = "DomainTests", "BookingService\Tests\Domain\DomainTests\DomainTests.csproj", "{72C079AA-C20F-4A35-99E5-FCEB826E5B21}"
EndProject
Project("{9A19103F-16F7-4668-BE54-9A1E7A4F7556}") = "ApplicationTests", "BookingService\Tests\Application\ApplicationTests\ApplicationTests.csproj", "{9D3C9F7D-5BCC-46CF-A1EA-DCB4A0F03A04}"
EndProject
Project("{9A19103F-16F7-4668-BE54-9A1E7A4F7556}") = "AdaptersTests", "BookingService\Tests\Adapters\AdaptersTests\AdaptersTests.csproj", "{5EE74934-F39F-463E-B2F5-9E483634F62C}"
EndProject
Project("{9A19103F-16F7-4668-BE54-9A1E7A4F7556}") = "Data", "BookingService\Adapters\Data\Data.csproj", "{1FA92C7B-F2F7-4E4A-8C02-7729EB03E2D8}"
EndProject
Project("{9A19103F-16F7-4668-BE54-9A1E7A4F7556}") = "Application", "BookingService\Core\Application\Application.csproj", "{B2BC30BD-C640-49E6-882C-13219D128863}"
EndProject
Project("{9A19103F-16F7-4668-BE54-9A1E7A4F7556}") = "Domain", "BookingService\Core\Domain\Domain.csproj", "{79F139DA-456E-4B45-80E1-DBE6004A58B7}"
EndProject
Project("{FAE04EC0-301F-11D3-BF4B-00C04F79EFBC}") = "API", "BookingService\Consumers\API\API.csproj", "{DBA345DC-9805-4926-9569-964E9D1BA9A5}"
EndProject
Global
	GlobalSection(SolutionConfigurationPlatforms) = preSolution
		Debug|Any CPU = Debug|Any CPU
		Release|Any CPU = Release|Any CPU
	EndGlobalSection
	GlobalSection(ProjectConfigurationPlatforms) = postSolution
		{72C079AA-C20F-4A35-99E5-FCEB826E5B21}.Debug|Any CPU.ActiveCfg = Debug|Any CPU
		{72C079AA-C20F-4A35-99E5-FCEB826E5B21}.Debug|Any CPU.Build.0 = Debug|Any CPU
		{72C079AA-C20F-4A35-99E5-FCEB826E5B21}.Release|Any CPU.ActiveCfg = Release|Any CPU
		{72C079AA-C20F-4A35-99E5-FCEB826E5B21}.Release|Any CPU.Build.0 = Release|Any CPU
		{9D3C9F7D-5BCC-46CF-A1EA-DCB4A0F03A04}.Debug|Any CPU.ActiveCfg = Debug|Any CPU
		{9D3C9F7D-5BCC-46CF-A1EA-DCB4A0F03A04}.Debug|Any CPU.Build.0 = Debug|Any CPU
		{9D3C9F7D-5BCC-46CF-A1EA-DCB4A0F03A04}.Release|Any CPU.ActiveCfg = Release|Any CPU
		{9D3C9F7D-5BCC-46CF-A1EA-DCB4A0F03A04}.Release|Any CPU.Build.0 = Release|Any CPU
		{5EE74934-F39F-463E-B2F5-9E483634F62C}.Debug|Any CPU.ActiveCfg = Debug|Any CPU
		{5EE74934-F39F-463E-B2F5-9E483634F62C}.Debug|Any CPU.Build.0 = Debug|Any CPU
		{5EE74934-F39F-463E-B2F5-9E483634F62C}.Release|Any CPU.ActiveCfg = Release|Any CPU
		{5EE74934-F39F-463E-B2F5-9E483634F62C}.Release|Any CPU.Build.0 = Release|Any CPU
		{1FA92C7B-F2F7-4E4A-8C02-7729EB03E2D8}.Debug|Any CPU.ActiveCfg = Debug|Any CPU
		{1FA92C7B-F2F7-4E4A-8C02-7729EB03E2D8}.Debug|Any CPU.Build.0 = Debug|Any CPU
		{1FA92C7B-F2F7-4E4A-8C02-7729EB03E2D8}.Release|Any CPU.ActiveCfg = Release|Any CPU
		{1FA92C7B-F2F7-4E4A-8C02-7729EB03E2D8}.Release|Any CPU.Build.0 = Release|Any CPU
		{B2BC30BD-C640-49E6-882C-13219D128863}.Debug|Any CPU.ActiveCfg = Debug|Any CPU
		{B2BC30BD-C640-49E6-882C-13219D128863}.Debug|Any CPU.Build.0 = Debug|Any CPU
		{B2BC30BD-C640-49E6-882C-13219D128863}.Release|Any CPU.ActiveCfg = Release|Any CPU
		{B2BC30BD-C640-49E6-882C-13219D128863}.Release|Any CPU.Build.0 = Release|Any CPU
		{79F139DA-456E-4B45-80E1-DBE6004A58B7}.Debug|Any CPU.ActiveCfg = Debug|Any CPU
		{79F139DA-456E-4B45-80E1-DBE6004A58B7}.Debug|Any CPU.Build.0 = Debug|Any CPU
		{79F139DA-456E-4B45-80E1-DBE6004A58B7}.Release|Any CPU.ActiveCfg = Release|Any CPU
		{79F139DA-456E-4B45-80E1-DBE6004A58B7}.Release|Any CPU.Build.0 = Release|Any CPU
		{DBA345DC-9805-4926-9569-964E9D1BA9A5}.Debug|Any CPU.ActiveCfg = Debug|Any CPU
		{DBA345DC-9805-4926-9569-964E9D1BA9A5}.Debug|Any CPU.Build.0 = Debug|Any CPU
		{DBA345DC-9805-4926-9569-964E9D1BA9A5}.Release|Any CPU.ActiveCfg = Release|Any CPU
		{DBA345DC-9805-4926-9569-964E9D1BA9A5}.Release|Any CPU.Build.0 = Release|Any CPU
	EndGlobalSection
	GlobalSection(SolutionProperties) = preSolution
		HideSolutionNode = FALSE
	EndGlobalSection
	GlobalSection(NestedProjects) = preSolution
		{695C7120-8D5F-4ADB-AC3B-E14580F0D69D} = {F5AD754A-4788-4BAC-BBB6-97EBD0E11AC0}
		{F552D346-A846-4C21-8F83-B00846B634DD} = {695C7120-8D5F-4ADB-AC3B-E14580F0D69D}
		{C1F47690-092E-4B8C-B1A7-09845A0BD3D3} = {695C7120-8D5F-4ADB-AC3B-E14580F0D69D}
		{DD8732AC-997A-43E6-BA53-F1AD0E10CC36} = {F5AD754A-4788-4BAC-BBB6-97EBD0E11AC0}
		{0447D31E-243F-499E-98A4-97582A0D7E4F} = {F5AD754A-4788-4BAC-BBB6-97EBD0E11AC0}
		{6AD1B5CA-96CD-44A5-9FE3-46545FF96DE8} = {F5AD754A-4788-4BAC-BBB6-97EBD0E11AC0}
		{C423777D-D506-463B-B6B6-A50377EFE637} = {6AD1B5CA-96CD-44A5-9FE3-46545FF96DE8}
		{25A4ABEB-5912-4E94-8AB7-8B39AABE23A1} = {6AD1B5CA-96CD-44A5-9FE3-46545FF96DE8}
		{C50690AB-DAA9-4242-9029-16BD67A670CC} = {6AD1B5CA-96CD-44A5-9FE3-46545FF96DE8}
		{72C079AA-C20F-4A35-99E5-FCEB826E5B21} = {25A4ABEB-5912-4E94-8AB7-8B39AABE23A1}
		{9D3C9F7D-5BCC-46CF-A1EA-DCB4A0F03A04} = {C423777D-D506-463B-B6B6-A50377EFE637}
		{5EE74934-F39F-463E-B2F5-9E483634F62C} = {C50690AB-DAA9-4242-9029-16BD67A670CC}
		{1FA92C7B-F2F7-4E4A-8C02-7729EB03E2D8} = {DD8732AC-997A-43E6-BA53-F1AD0E10CC36}
		{B2BC30BD-C640-49E6-882C-13219D128863} = {C1F47690-092E-4B8C-B1A7-09845A0BD3D3}
		{79F139DA-456E-4B45-80E1-DBE6004A58B7} = {F552D346-A846-4C21-8F83-B00846B634DD}
		{DBA345DC-9805-4926-9569-964E9D1BA9A5} = {0447D31E-243F-499E-98A4-97582A0D7E4F}
	EndGlobalSection
	GlobalSection(ExtensibilityGlobals) = postSolution
		SolutionGuid = {302FC4EA-5CCC-4D6E-8FC9-2DF79018F14F}
	EndGlobalSection
EndGlobal
